<?xml version="1.0" encoding="utf-8"?>
<Project ToolsVersion="4.0" xmlns="http://schemas.microsoft.com/developer/msbuild/2003">
  <ItemGroup>
    <Filter Include="Source Files">
      <UniqueIdentifier>{4FC737F1-C7A5-4376-A066-2A32D752A2FF}</UniqueIdentifier>
      <Extensions>cpp;c;cc;cxx;def;odl;idl;hpj;bat;asm;asmx</Extensions>
    </Filter>
    <Filter Include="Header Files">
      <UniqueIdentifier>{93995380-89BD-4b04-88EB-625FBE52EBFB}</UniqueIdentifier>
      <Extensions>h;hh;hpp;hxx;hm;inl;inc;xsd</Extensions>
    </Filter>
    <Filter Include="Resource Files">
      <UniqueIdentifier>{67DA6AB6-F800-4c08-8B7A-83BB121AAD01}</UniqueIdentifier>
      <Extensions>rc;ico;cur;bmp;dlg;rc2;rct;bin;rgs;gif;jpg;jpeg;jpe;resx;tiff;tif;png;wav;mfcribbon-ms</Extensions>
    </Filter>
  </ItemGroup>
  <ItemGroup>
    <ClCompile Include="..\..\main.cpp">
      <Filter>Source Files</Filter>
    </ClCompile>
    <ClCompile Include="..\..\raycaster_floor.cpp">
      <Filter>Source Files</Filter>
    </ClCompile>
    <ClCompile Include="..\..\raycaster_flat.cpp">
      <Filter>Source Files</Filter>
    </ClCompile>
    <ClCompile Include="..\..\raycaster_sprites.cpp">
      <Filter>Source Files</Filter>
    </ClCompile>
    <ClCompile Include="yScreen.cpp">
      <Filter>Source Files</Filter>
    </ClCompile>
    <ClCompile Include="yCamera.cpp">
      <Filter>Source Files</Filter>
    </ClCompile>
    <ClCompile Include="ymain.cpp">
      <Filter>Source Files</Filter>
    </ClCompile>
    <ClCompile Include="yMath.cpp">
      <Filter>Source Files</Filter>
    </ClCompile>
    <ClCompile Include="yRenderer.cpp">
      <Filter>Source Files</Filter>
    </ClCompile>
    <ClCompile Include="yVertexArray.cpp">
      <Filter>Source Files</Filter>
    </ClCompile>
    <ClCompile Include="quickcg.cpp">
      <Filter>Source Files</Filter>
    </ClCompile>
    <ClCompile Include="SurfaceShader.cpp">
      <Filter>Source Files</Filter>
    </ClCompile>
    <ClCompile Include="yTransform.cpp">
      <Filter>Source Files</Filter>
    </ClCompile>
  </ItemGroup>
  <ItemGroup>
    <ClInclude Include="yScreen.h">
      <Filter>Header Files</Filter>
    </ClInclude>
    <ClInclude Include="yBasic.h">
      <Filter>Header Files</Filter>
    </ClInclude>
    <ClInclude Include="yCamera.h">
      <Filter>Header Files</Filter>
    </ClInclude>
    <ClInclude Include="yMath.h">
      <Filter>Header Files</Filter>
    </ClInclude>
    <ClInclude Include="yRenderer.h">
      <Filter>Header Files</Filter>
    </ClInclude>
    <ClInclude Include="yVertexArray.h">
      <Filter>Header Files</Filter>
    </ClInclude>
    <ClInclude Include="quickcg.h">
      <Filter>Header Files</Filter>
    </ClInclude>
    <ClInclude Include="SurfaceShader.h">
      <Filter>Header Files</Filter>
    </ClInclude>
    <ClInclude Include="yTransform.h">
      <Filter>Header Files</Filter>
    </ClInclude>
  </ItemGroup>
  <ItemGroup>
    <Text Include="Mistakes!!!.txt" />
  </ItemGroup>
</Project>